
Microsoft Visual Studio Solution File, Format Version 12.00
# Visual Studio 15
Project("{FAE04EC0-301F-11D3-BF4B-00C04F79EFBC}") = "UniTask.Linq", "UniTask.Linq.csproj", "{93D68C6D-26F2-C5E2-2C49-109350DE066E}"
EndProject
Project("{FAE04EC0-301F-11D3-BF4B-00C04F79EFBC}") = "PurrNet.Runtime", "PurrNet.Runtime.csproj", "{0CC284D0-E801-48C8-0D15-A4DC4E53CB74}"
EndProject
Project("{FAE04EC0-301F-11D3-BF4B-00C04F79EFBC}") = "PurrNet.Editor", "PurrNet.Editor.csproj", "{27A949E2-A1E9-BDAF-07B0-FCA73427559E}"
EndProject
Project("{FAE04EC0-301F-11D3-BF4B-00C04F79EFBC}") = "Unity.PurrNet.Codegen", "Unity.PurrNet.Codegen.csproj", "{429DA489-D2E5-943E-42DF-625A7E7CF815}"
EndProject
Project("{FAE04EC0-301F-11D3-BF4B-00C04F79EFBC}") = "UniTask", "UniTask.csproj", "{C3E8AE7A-2794-3C04-B3B5-DD42A5D4AF4E}"
EndProject
Project("{FAE04EC0-301F-11D3-BF4B-00C04F79EFBC}") = "UniTask.Editor", "UniTask.Editor.csproj", "{81026328-C8AC-322B-BF1A-DEA1E5087DEF}"
EndProject
Project("{FAE04EC0-301F-11D3-BF4B-00C04F79EFBC}") = "LiteNetLib", "LiteNetLib.csproj", "{8FC8360D-2C68-803F-8EAC-F9DE3FA16AA4}"
EndProject
Project("{FAE04EC0-301F-11D3-BF4B-00C04F79EFBC}") = "SimpleWebTransport", "SimpleWebTransport.csproj", "{90616A7D-3A88-5ACA-864C-8F0598320561}"
EndProject
Project("{FAE04EC0-301F-11D3-BF4B-00C04F79EFBC}") = "PurrNet.Profiler.Editor", "PurrNet.Profiler.Editor.csproj", "{7FDE3BC2-312E-D0E2-3A3A-4F677E3E1BBD}"
EndProject
Project("{FAE04EC0-301F-11D3-BF4B-00C04F79EFBC}") = "UniTask.TextMeshPro", "UniTask.TextMeshPro.csproj", "{26C5CAB7-B227-293E-F302-837A7DF5338B}"
EndProject
Project("{FAE04EC0-301F-11D3-BF4B-00C04F79EFBC}") = "PurrNet.Steam.Runtime", "PurrNet.Steam.Runtime.csproj", "{D27E05F0-B912-EA0A-77C3-3A554E5FE3B8}"
EndProject
Project("{FAE04EC0-301F-11D3-BF4B-00C04F79EFBC}") = "Assembly-CSharp", "Assembly-CSharp.csproj", "{9AEDE2E7-1E51-7814-4472-F9A805AD87AB}"
EndProject
Project("{FAE04EC0-301F-11D3-BF4B-00C04F79EFBC}") = "UniTask.Addressables", "UniTask.Addressables.csproj", "{CD570026-36B5-14E0-B6D8-B3F31DF94578}"
EndProject
Project("{FAE04EC0-301F-11D3-BF4B-00C04F79EFBC}") = "UniTask.DOTween", "UniTask.DOTween.csproj", "{B4273C3F-FF50-1FDD-735E-40488CE54B65}"
EndProject
Project("{FAE04EC0-301F-11D3-BF4B-00C04F79EFBC}") = "PurrNet.Steam.Editor", "PurrNet.Steam.Editor.csproj", "{84248ECB-9E98-BD0A-6FC7-404DF5C47542}"
EndProject
Project("{FAE04EC0-301F-11D3-BF4B-00C04F79EFBC}") = "Assembly-CSharp-Editor", "Assembly-CSharp-Editor.csproj", "{0F97E1C5-75F4-7C9B-D652-347172179EF8}"
EndProject
Global
	GlobalSection(SolutionConfigurationPlatforms) = preSolution
		Debug|Any CPU = Debug|Any CPU
		Release|Any CPU = Release|Any CPU
	EndGlobalSection
	GlobalSection(ProjectConfigurationPlatforms) = postSolution
		{93D68C6D-26F2-C5E2-2C49-109350DE066E}.Debug|Any CPU.ActiveCfg = Debug|Any CPU
		{93D68C6D-26F2-C5E2-2C49-109350DE066E}.Debug|Any CPU.Build.0 = Debug|Any CPU
		{93D68C6D-26F2-C5E2-2C49-109350DE066E}.Release|Any CPU.ActiveCfg = Release|Any CPU
		{93D68C6D-26F2-C5E2-2C49-109350DE066E}.Release|Any CPU.Build.0 = Release|Any CPU
		{0CC284D0-E801-48C8-0D15-A4DC4E53CB74}.Debug|Any CPU.ActiveCfg = Debug|Any CPU
		{0CC284D0-E801-48C8-0D15-A4DC4E53CB74}.Debug|Any CPU.Build.0 = Debug|Any CPU
		{0CC284D0-E801-48C8-0D15-A4DC4E53CB74}.Release|Any CPU.ActiveCfg = Release|Any CPU
		{0CC284D0-E801-48C8-0D15-A4DC4E53CB74}.Release|Any CPU.Build.0 = Release|Any CPU
		{27A949E2-A1E9-BDAF-07B0-FCA73427559E}.Debug|Any CPU.ActiveCfg = Debug|Any CPU
		{27A949E2-A1E9-BDAF-07B0-FCA73427559E}.Debug|Any CPU.Build.0 = Debug|Any CPU
		{27A949E2-A1E9-BDAF-07B0-FCA73427559E}.Release|Any CPU.ActiveCfg = Release|Any CPU
		{27A949E2-A1E9-BDAF-07B0-FCA73427559E}.Release|Any CPU.Build.0 = Release|Any CPU
		{429DA489-D2E5-943E-42DF-625A7E7CF815}.Debug|Any CPU.ActiveCfg = Debug|Any CPU
		{429DA489-D2E5-943E-42DF-625A7E7CF815}.Debug|Any CPU.Build.0 = Debug|Any CPU
		{429DA489-D2E5-943E-42DF-625A7E7CF815}.Release|Any CPU.ActiveCfg = Release|Any CPU
		{429DA489-D2E5-943E-42DF-625A7E7CF815}.Release|Any CPU.Build.0 = Release|Any CPU
		{C3E8AE7A-2794-3C04-B3B5-DD42A5D4AF4E}.Debug|Any CPU.ActiveCfg = Debug|Any CPU
		{C3E8AE7A-2794-3C04-B3B5-DD42A5D4AF4E}.Debug|Any CPU.Build.0 = Debug|Any CPU
		{C3E8AE7A-2794-3C04-B3B5-DD42A5D4AF4E}.Release|Any CPU.ActiveCfg = Release|Any CPU
		{C3E8AE7A-2794-3C04-B3B5-DD42A5D4AF4E}.Release|Any CPU.Build.0 = Release|Any CPU
		{81026328-C8AC-322B-BF1A-DEA1E5087DEF}.Debug|Any CPU.ActiveCfg = Debug|Any CPU
		{81026328-C8AC-322B-BF1A-DEA1E5087DEF}.Debug|Any CPU.Build.0 = Debug|Any CPU
		{81026328-C8AC-322B-BF1A-DEA1E5087DEF}.Release|Any CPU.ActiveCfg = Release|Any CPU
		{81026328-C8AC-322B-BF1A-DEA1E5087DEF}.Release|Any CPU.Build.0 = Release|Any CPU
		{8FC8360D-2C68-803F-8EAC-F9DE3FA16AA4}.Debug|Any CPU.ActiveCfg = Debug|Any CPU
		{8FC8360D-2C68-803F-8EAC-F9DE3FA16AA4}.Debug|Any CPU.Build.0 = Debug|Any CPU
		{8FC8360D-2C68-803F-8EAC-F9DE3FA16AA4}.Release|Any CPU.ActiveCfg = Release|Any CPU
		{8FC8360D-2C68-803F-8EAC-F9DE3FA16AA4}.Release|Any CPU.Build.0 = Release|Any CPU
		{90616A7D-3A88-5ACA-864C-8F0598320561}.Debug|Any CPU.ActiveCfg = Debug|Any CPU
		{90616A7D-3A88-5ACA-864C-8F0598320561}.Debug|Any CPU.Build.0 = Debug|Any CPU
		{90616A7D-3A88-5ACA-864C-8F0598320561}.Release|Any CPU.ActiveCfg = Release|Any CPU
		{90616A7D-3A88-5ACA-864C-8F0598320561}.Release|Any CPU.Build.0 = Release|Any CPU
		{7FDE3BC2-312E-D0E2-3A3A-4F677E3E1BBD}.Debug|Any CPU.ActiveCfg = Debug|Any CPU
		{7FDE3BC2-312E-D0E2-3A3A-4F677E3E1BBD}.Debug|Any CPU.Build.0 = Debug|Any CPU
		{7FDE3BC2-312E-D0E2-3A3A-4F677E3E1BBD}.Release|Any CPU.ActiveCfg = Release|Any CPU
		{7FDE3BC2-312E-D0E2-3A3A-4F677E3E1BBD}.Release|Any CPU.Build.0 = Release|Any CPU
		{26C5CAB7-B227-293E-F302-837A7DF5338B}.Debug|Any CPU.ActiveCfg = Debug|Any CPU
		{26C5CAB7-B227-293E-F302-837A7DF5338B}.Debug|Any CPU.Build.0 = Debug|Any CPU
		{26C5CAB7-B227-293E-F302-837A7DF5338B}.Release|Any CPU.ActiveCfg = Release|Any CPU
		{26C5CAB7-B227-293E-F302-837A7DF5338B}.Release|Any CPU.Build.0 = Release|Any CPU
		{D27E05F0-B912-EA0A-77C3-3A554E5FE3B8}.Debug|Any CPU.ActiveCfg = Debug|Any CPU
		{D27E05F0-B912-EA0A-77C3-3A554E5FE3B8}.Debug|Any CPU.Build.0 = Debug|Any CPU
		{D27E05F0-B912-EA0A-77C3-3A554E5FE3B8}.Release|Any CPU.ActiveCfg = Release|Any CPU
		{D27E05F0-B912-EA0A-77C3-3A554E5FE3B8}.Release|Any CPU.Build.0 = Release|Any CPU
		{9AEDE2E7-1E51-7814-4472-F9A805AD87AB}.Debug|Any CPU.ActiveCfg = Debug|Any CPU
		{9AEDE2E7-1E51-7814-4472-F9A805AD87AB}.Debug|Any CPU.Build.0 = Debug|Any CPU
		{9AEDE2E7-1E51-7814-4472-F9A805AD87AB}.Release|Any CPU.ActiveCfg = Release|Any CPU
		{9AEDE2E7-1E51-7814-4472-F9A805AD87AB}.Release|Any CPU.Build.0 = Release|Any CPU
		{CD570026-36B5-14E0-B6D8-B3F31DF94578}.Debug|Any CPU.ActiveCfg = Debug|Any CPU
		{CD570026-36B5-14E0-B6D8-B3F31DF94578}.Debug|Any CPU.Build.0 = Debug|Any CPU
		{CD570026-36B5-14E0-B6D8-B3F31DF94578}.Release|Any CPU.ActiveCfg = Release|Any CPU
		{CD570026-36B5-14E0-B6D8-B3F31DF94578}.Release|Any CPU.Build.0 = Release|Any CPU
		{B4273C3F-FF50-1FDD-735E-40488CE54B65}.Debug|Any CPU.ActiveCfg = Debug|Any CPU
		{B4273C3F-FF50-1FDD-735E-40488CE54B65}.Debug|Any CPU.Build.0 = Debug|Any CPU
		{B4273C3F-FF50-1FDD-735E-40488CE54B65}.Release|Any CPU.ActiveCfg = Release|Any CPU
		{B4273C3F-FF50-1FDD-735E-40488CE54B65}.Release|Any CPU.Build.0 = Release|Any CPU
		{84248ECB-9E98-BD0A-6FC7-404DF5C47542}.Debug|Any CPU.ActiveCfg = Debug|Any CPU
		{84248ECB-9E98-BD0A-6FC7-404DF5C47542}.Debug|Any CPU.Build.0 = Debug|Any CPU
		{84248ECB-9E98-BD0A-6FC7-404DF5C47542}.Release|Any CPU.ActiveCfg = Release|Any CPU
		{84248ECB-9E98-BD0A-6FC7-404DF5C47542}.Release|Any CPU.Build.0 = Release|Any CPU
		{0F97E1C5-75F4-7C9B-D652-347172179EF8}.Debug|Any CPU.ActiveCfg = Debug|Any CPU
		{0F97E1C5-75F4-7C9B-D652-347172179EF8}.Debug|Any CPU.Build.0 = Debug|Any CPU
		{0F97E1C5-75F4-7C9B-D652-347172179EF8}.Release|Any CPU.ActiveCfg = Release|Any CPU
		{0F97E1C5-75F4-7C9B-D652-347172179EF8}.Release|Any CPU.Build.0 = Release|Any CPU
	EndGlobalSection
	GlobalSection(SolutionProperties) = preSolution
		HideSolutionNode = FALSE
	EndGlobalSection
EndGlobal
